
Microsoft Visual Studio Solution File, Format Version 12.00
# Visual Studio Version 17
VisualStudioVersion = 17.7.34031.279
MinimumVisualStudioVersion = 10.0.40219.1
Project("{8BC9CEB8-8B4A-11D0-8D11-00A0C91BC942}") = "hello", "hello\hello.vcxproj", "{AC10D5E8-1460-492C-9092-1F812DF4443E}"
EndProject
Project("{8BC9CEB8-8B4A-11D0-8D11-00A0C91BC942}") = "square", "square\square.vcxproj", "{4ACB2869-D99C-4D7D-8BB8-5E8FF575D018}"
EndProject
Project("{8BC9CEB8-8B4A-11D0-8D11-00A0C91BC942}") = "account", "account\account.vcxproj", "{CEAF0989-D4F0-4D6B-BE7A-308578EE421A}"
EndProject
Global
	GlobalSection(SolutionConfigurationPlatforms) = preSolution
		Debug|x64 = Debug|x64
		Debug|x86 = Debug|x86
		Release|x64 = Release|x64
		Release|x86 = Release|x86
	EndGlobalSection
	GlobalSection(ProjectConfigurationPlatforms) = postSolution
		{AC10D5E8-1460-492C-9092-1F812DF4443E}.Debug|x64.ActiveCfg = Debug|x64
		{AC10D5E8-1460-492C-9092-1F812DF4443E}.Debug|x64.Build.0 = Debug|x64
		{AC10D5E8-1460-492C-9092-1F812DF4443E}.Debug|x86.ActiveCfg = Debug|Win32
		{AC10D5E8-1460-492C-9092-1F812DF4443E}.Debug|x86.Build.0 = Debug|Win32
		{AC10D5E8-1460-492C-9092-1F812DF4443E}.Release|x64.ActiveCfg = Release|x64
		{AC10D5E8-1460-492C-9092-1F812DF4443E}.Release|x64.Build.0 = Release|x64
		{AC10D5E8-1460-492C-9092-1F812DF4443E}.Release|x86.ActiveCfg = Release|Win32
		{AC10D5E8-1460-492C-9092-1F812DF4443E}.Release|x86.Build.0 = Release|Win32
		{4ACB2869-D99C-4D7D-8BB8-5E8FF575D018}.Debug|x64.ActiveCfg = Debug|x64
		{4ACB2869-D99C-4D7D-8BB8-5E8FF575D018}.Debug|x64.Build.0 = Debug|x64
		{4ACB2869-D99C-4D7D-8BB8-5E8FF575D018}.Debug|x86.ActiveCfg = Debug|Win32
		{4ACB2869-D99C-4D7D-8BB8-5E8FF575D018}.Debug|x86.Build.0 = Debug|Win32
		{4ACB2869-D99C-4D7D-8BB8-5E8FF575D018}.Release|x64.ActiveCfg = Release|x64
		{4ACB2869-D99C-4D7D-8BB8-5E8FF575D018}.Release|x64.Build.0 = Release|x64
		{4ACB2869-D99C-4D7D-8BB8-5E8FF575D018}.Release|x86.ActiveCfg = Release|Win32
		{4ACB2869-D99C-4D7D-8BB8-5E8FF575D018}.Release|x86.Build.0 = Release|Win32
		{CEAF0989-D4F0-4D6B-BE7A-308578EE421A}.Debug|x64.ActiveCfg = Debug|x64
		{CEAF0989-D4F0-4D6B-BE7A-308578EE421A}.Debug|x64.Build.0 = Debug|x64
		{CEAF0989-D4F0-4D6B-BE7A-308578EE421A}.Debug|x86.ActiveCfg = Debug|Win32
		{CEAF0989-D4F0-4D6B-BE7A-308578EE421A}.Debug|x86.Build.0 = Debug|Win32
		{CEAF0989-D4F0-4D6B-BE7A-308578EE421A}.Release|x64.ActiveCfg = Release|x64
		{CEAF0989-D4F0-4D6B-BE7A-308578EE421A}.Release|x64.Build.0 = Release|x64
		{CEAF0989-D4F0-4D6B-BE7A-308578EE421A}.Release|x86.ActiveCfg = Release|Win32
		{CEAF0989-D4F0-4D6B-BE7A-308578EE421A}.Release|x86.Build.0 = Release|Win32
	EndGlobalSection
	GlobalSection(SolutionProperties) = preSolution
		HideSolutionNode = FALSE
	EndGlobalSection
	GlobalSection(ExtensibilityGlobals) = postSolution
		SolutionGuid = {8E734916-BDC3-4807-92A3-9C23A749D859}
	EndGlobalSection
EndGlobal
